
Microsoft Visual Studio Solution File, Format Version 12.00
# Visual Studio Version 17
VisualStudioVersion = 17.11.35303.130
MinimumVisualStudioVersion = 10.0.40219.1
Project("{FAE04EC0-301F-11D3-BF4B-00C04F79EFBC}") = "3.1", "3.1\3.1.csproj", "{AA1C8137-C45E-4C5B-B903-C381624D5EED}"
EndProject
Global
	GlobalSection(SolutionConfigurationPlatforms) = preSolution
		Debug|Any CPU = Debug|Any CPU
		Release|Any CPU = Release|Any CPU
	EndGlobalSection
	GlobalSection(ProjectConfigurationPlatforms) = postSolution
		{AA1C8137-C45E-4C5B-B903-C381624D5EED}.Debug|Any CPU.ActiveCfg = Debug|Any CPU
		{AA1C8137-C45E-4C5B-B903-C381624D5EED}.Debug|Any CPU.Build.0 = Debug|Any CPU
		{AA1C8137-C45E-4C5B-B903-C381624D5EED}.Release|Any CPU.ActiveCfg = Release|Any CPU
		{AA1C8137-C45E-4C5B-B903-C381624D5EED}.Release|Any CPU.Build.0 = Release|Any CPU
	EndGlobalSection
	GlobalSection(SolutionProperties) = preSolution
		HideSolutionNode = FALSE
	EndGlobalSection
	GlobalSection(ExtensibilityGlobals) = postSolution
		SolutionGuid = {A6045F83-F9DB-4BAC-A2DF-22E6A1618A98}
	EndGlobalSection
EndGlobal
